
Microsoft Visual Studio Solution File, Format Version 12.00
# Visual Studio 15
VisualStudioVersion = 15.0.28307.136
MinimumVisualStudioVersion = 10.0.40219.1
Project("{FAE04EC0-301F-11D3-BF4B-00C04F79EFBC}") = "KohviAutomaat", "KohviAutomaat\KohviAutomaat.csproj", "{37DE1B5E-90D8-4D0A-899E-7522DC9EA346}"
EndProject
Project("{FAE04EC0-301F-11D3-BF4B-00C04F79EFBC}") = "KohviAutomaat.Tests", "KohviAutomaat.Tests\KohviAutomaat.Tests.csproj", "{415CBEEE-6D54-4D98-82E8-331803CAB48B}"
EndProject
Global
	GlobalSection(SolutionConfigurationPlatforms) = preSolution
		Debug|Any CPU = Debug|Any CPU
		Release|Any CPU = Release|Any CPU
	EndGlobalSection
	GlobalSection(ProjectConfigurationPlatforms) = postSolution
		{37DE1B5E-90D8-4D0A-899E-7522DC9EA346}.Debug|Any CPU.ActiveCfg = Debug|Any CPU
		{37DE1B5E-90D8-4D0A-899E-7522DC9EA346}.Debug|Any CPU.Build.0 = Debug|Any CPU
		{37DE1B5E-90D8-4D0A-899E-7522DC9EA346}.Release|Any CPU.ActiveCfg = Release|Any CPU
		{37DE1B5E-90D8-4D0A-899E-7522DC9EA346}.Release|Any CPU.Build.0 = Release|Any CPU
		{415CBEEE-6D54-4D98-82E8-331803CAB48B}.Debug|Any CPU.ActiveCfg = Debug|Any CPU
		{415CBEEE-6D54-4D98-82E8-331803CAB48B}.Debug|Any CPU.Build.0 = Debug|Any CPU
		{415CBEEE-6D54-4D98-82E8-331803CAB48B}.Release|Any CPU.ActiveCfg = Release|Any CPU
		{415CBEEE-6D54-4D98-82E8-331803CAB48B}.Release|Any CPU.Build.0 = Release|Any CPU
	EndGlobalSection
	GlobalSection(SolutionProperties) = preSolution
		HideSolutionNode = FALSE
	EndGlobalSection
	GlobalSection(ExtensibilityGlobals) = postSolution
		SolutionGuid = {95D00322-2D7D-42FE-BE5F-8E73A13C0D66}
	EndGlobalSection
EndGlobal
